
Microsoft Visual Studio Solution File, Format Version 12.00
# Visual Studio Version 17
VisualStudioVersion = 17.2.32630.192
MinimumVisualStudioVersion = 10.0.40219.1
Project("{9A19103F-16F7-4668-BE54-9A1E7A4F7556}") = "R5T.S0072", "R5T.S0072\R5T.S0072.csproj", "{886D1689-0F0A-4078-8F10-470794DC761D}"
EndProject
Project("{2150E333-8FDC-42A3-9474-1A3956D46DE8}") = "_Dependencies", "_Dependencies", "{91F88318-288C-44F1-86C4-2A35BB4CEA63}"
EndProject
Project("{9A19103F-16F7-4668-BE54-9A1E7A4F7556}") = "R5T.F0000", "..\..\R5T.F0000\source\R5T.F0000\R5T.F0000.csproj", "{AB3FE002-AFF1-49F2-AC86-762830BF10AE}"
EndProject
Project("{9A19103F-16F7-4668-BE54-9A1E7A4F7556}") = "R5T.F0002", "..\..\R5T.F0002\source\R5T.F0002\R5T.F0002.csproj", "{C402B411-3814-4548-A75A-921A6C9C47F9}"
EndProject
Project("{9A19103F-16F7-4668-BE54-9A1E7A4F7556}") = "R5T.F0120", "..\..\R5T.F0120\source\R5T.F0120\R5T.F0120.csproj", "{B9775A7C-C311-442A-8F10-F60D2B4F361A}"
EndProject
Project("{9A19103F-16F7-4668-BE54-9A1E7A4F7556}") = "R5T.F0124", "..\..\R5T.F0124\source\R5T.F0124\R5T.F0124.csproj", "{99D3F51B-6A59-478A-9582-C2AFEF440FDC}"
EndProject
Project("{9A19103F-16F7-4668-BE54-9A1E7A4F7556}") = "R5T.F0125", "..\..\R5T.F0125\source\R5T.F0125\R5T.F0125.csproj", "{440C0675-39B6-41E9-85C5-DCAA92BBE27E}"
EndProject
Project("{9A19103F-16F7-4668-BE54-9A1E7A4F7556}") = "R5T.F0133", "..\..\R5T.F0133\source\R5T.F0133\R5T.F0133.csproj", "{73F50472-A78F-448F-BDAE-0E0B825E2407}"
EndProject
Project("{9A19103F-16F7-4668-BE54-9A1E7A4F7556}") = "R5T.F0134", "..\..\R5T.F0134\source\R5T.F0134\R5T.F0134.csproj", "{36810833-5870-4B12-8E7B-69EC086A8619}"
EndProject
Project("{9A19103F-16F7-4668-BE54-9A1E7A4F7556}") = "R5T.L0030.T000", "..\..\R5T.L0030\source\R5T.L0030.T000\R5T.L0030.T000.csproj", "{08329B4B-0688-4391-9979-BB6A562A1415}"
EndProject
Project("{9A19103F-16F7-4668-BE54-9A1E7A4F7556}") = "R5T.L0030", "..\..\R5T.L0030\source\R5T.L0030\R5T.L0030.csproj", "{D1441A34-7B11-419F-A36E-97382BCBBFA1}"
EndProject
Project("{9A19103F-16F7-4668-BE54-9A1E7A4F7556}") = "R5T.L0034", "..\..\R5T.L0034\source\R5T.L0034\R5T.L0034.csproj", "{DE7234BF-A813-4B22-B1F3-1F9619F51AFB}"
EndProject
Project("{9A19103F-16F7-4668-BE54-9A1E7A4F7556}") = "R5T.L0035", "..\..\R5T.L0035\source\R5T.L0035\R5T.L0035.csproj", "{FD5877D3-AF11-4F3F-A674-5242E3D39FA1}"
EndProject
Project("{9A19103F-16F7-4668-BE54-9A1E7A4F7556}") = "R5T.L0043.F000", "..\..\R5T.L0043\source\R5T.L0043.F000\R5T.L0043.F000.csproj", "{3C6CAEAB-3FAB-4A7B-BCAB-7AB706D872AB}"
EndProject
Project("{9A19103F-16F7-4668-BE54-9A1E7A4F7556}") = "R5T.L0043.O001", "..\..\R5T.L0043\source\R5T.L0043.O001\R5T.L0043.O001.csproj", "{C5A25117-8244-4562-88AD-C56209A57674}"
EndProject
Project("{9A19103F-16F7-4668-BE54-9A1E7A4F7556}") = "R5T.L0043.O002", "..\..\R5T.L0043\source\R5T.L0043.O002\R5T.L0043.O002.csproj", "{9B4CAB71-2AD8-49B8-A291-BDDB63E10704}"
EndProject
Project("{9A19103F-16F7-4668-BE54-9A1E7A4F7556}") = "R5T.L0043.T000", "..\..\R5T.L0043\source\R5T.L0043.T000\R5T.L0043.T000.csproj", "{FC2E99D9-D6E4-4594-BDA7-21EA97D3CDA5}"
EndProject
Project("{9A19103F-16F7-4668-BE54-9A1E7A4F7556}") = "R5T.L0043.Z000", "..\..\R5T.L0043\source\R5T.L0043.Z000\R5T.L0043.Z000.csproj", "{13A64658-8EBE-407B-9524-F9EB60841E54}"
EndProject
Project("{9A19103F-16F7-4668-BE54-9A1E7A4F7556}") = "R5T.L0043.Z002", "..\..\R5T.L0043\source\R5T.L0043.Z002\R5T.L0043.Z002.csproj", "{F6F560E6-B2C7-40FB-ACD9-6E8C8568C98F}"
EndProject
Project("{9A19103F-16F7-4668-BE54-9A1E7A4F7556}") = "R5T.L0044.O001", "..\..\R5T.L0044\source\R5T.L0044.O001\R5T.L0044.O001.csproj", "{B5A123A0-883B-4237-A233-551C358C24C9}"
EndProject
Project("{9A19103F-16F7-4668-BE54-9A1E7A4F7556}") = "R5T.L0044.T000", "..\..\R5T.L0044\source\R5T.L0044.T000\R5T.L0044.T000.csproj", "{0AF77954-1E3D-4531-A6BE-2BBF72280964}"
EndProject
Project("{9A19103F-16F7-4668-BE54-9A1E7A4F7556}") = "R5T.L0044.X000", "..\..\R5T.L0044\source\R5T.L0044.X000\R5T.L0044.X000.csproj", "{6A2536C4-7D87-4436-8089-A5AEC7D33561}"
EndProject
Project("{9A19103F-16F7-4668-BE54-9A1E7A4F7556}") = "R5T.L0044.Z001", "..\..\R5T.L0044\source\R5T.L0044.Z001\R5T.L0044.Z001.csproj", "{A5E1D825-902A-4358-A4A0-49B2D3447587}"
EndProject
Project("{9A19103F-16F7-4668-BE54-9A1E7A4F7556}") = "R5T.L0044", "..\..\R5T.L0044\source\R5T.L0044\R5T.L0044.csproj", "{EA4E25DB-D28C-42B3-B924-DB69B185472F}"
EndProject
Project("{9A19103F-16F7-4668-BE54-9A1E7A4F7556}") = "R5T.L0045.O001", "..\..\R5T.L0045\source\R5T.L0045.O001\R5T.L0045.O001.csproj", "{E34DB623-B6E4-47B1-9F89-0397573BC39D}"
EndProject
Project("{9A19103F-16F7-4668-BE54-9A1E7A4F7556}") = "R5T.L0045.T000", "..\..\R5T.L0045\source\R5T.L0045.T000\R5T.L0045.T000.csproj", "{68010003-52F6-4E7E-8567-109260BEC2D8}"
EndProject
Project("{9A19103F-16F7-4668-BE54-9A1E7A4F7556}") = "R5T.L0045.X000", "..\..\R5T.L0045\source\R5T.L0045.X000\R5T.L0045.X000.csproj", "{4A434BA4-A249-4C03-91E6-313EFA277DF9}"
EndProject
Project("{9A19103F-16F7-4668-BE54-9A1E7A4F7556}") = "R5T.L0045", "..\..\R5T.L0045\source\R5T.L0045\R5T.L0045.csproj", "{2CA599A0-8EBE-4FC1-94E5-B60154714142}"
EndProject
Project("{9A19103F-16F7-4668-BE54-9A1E7A4F7556}") = "R5T.L0046.O001", "..\..\R5T.L0046\source\R5T.L0046.O001\R5T.L0046.O001.csproj", "{D35CFCAA-C488-492E-A9CE-1BB4F809B1B9}"
EndProject
Project("{9A19103F-16F7-4668-BE54-9A1E7A4F7556}") = "R5T.L0046.T000", "..\..\R5T.L0046\source\R5T.L0046.T000\R5T.L0046.T000.csproj", "{21080145-474C-4B95-BF59-1BC157AB4542}"
EndProject
Project("{9A19103F-16F7-4668-BE54-9A1E7A4F7556}") = "R5T.L0046.X000", "..\..\R5T.L0046\source\R5T.L0046.X000\R5T.L0046.X000.csproj", "{C2D416AC-F7C6-4C6A-81EB-4C474FB8FD55}"
EndProject
Project("{9A19103F-16F7-4668-BE54-9A1E7A4F7556}") = "R5T.L0046", "..\..\R5T.L0046\source\R5T.L0046\R5T.L0046.csproj", "{0696BCCF-2148-4A61-AF34-CAE1B98C51FC}"
EndProject
Project("{9A19103F-16F7-4668-BE54-9A1E7A4F7556}") = "R5T.O0007", "..\..\R5T.O0007\source\R5T.O0007\R5T.O0007.csproj", "{34123E7E-4023-4E07-9395-77A017F29332}"
EndProject
Project("{9A19103F-16F7-4668-BE54-9A1E7A4F7556}") = "R5T.T0131", "..\..\R5T.T0131\source\R5T.T0131\R5T.T0131.csproj", "{CDD81331-484D-4581-BF72-93273A1F8ED5}"
EndProject
Project("{9A19103F-16F7-4668-BE54-9A1E7A4F7556}") = "R5T.T0132", "..\..\R5T.T0132\source\R5T.T0132\R5T.T0132.csproj", "{6FF83E41-5B76-4C73-8520-24115F3A4E04}"
EndProject
Project("{9A19103F-16F7-4668-BE54-9A1E7A4F7556}") = "R5T.T0142", "..\..\R5T.T0142\source\R5T.T0142\R5T.T0142.csproj", "{4292E8AF-17C4-4091-8207-630A85EC0E01}"
EndProject
Project("{9A19103F-16F7-4668-BE54-9A1E7A4F7556}") = "R5T.T0143", "..\..\R5T.T0143\source\R5T.T0143\R5T.T0143.csproj", "{E9A96B09-222C-49C8-A200-827ED549399D}"
EndProject
Project("{9A19103F-16F7-4668-BE54-9A1E7A4F7556}") = "R5T.T0156", "..\..\R5T.T0156\source\R5T.T0156\R5T.T0156.csproj", "{CFB26FFA-88A5-437D-8818-035BDD3A4571}"
EndProject
Project("{9A19103F-16F7-4668-BE54-9A1E7A4F7556}") = "R5T.T0174", "..\..\R5T.T0174\source\R5T.T0174\R5T.T0174.csproj", "{0967A9A5-D006-49C8-AB92-6C4D925C54BD}"
EndProject
Project("{9A19103F-16F7-4668-BE54-9A1E7A4F7556}") = "R5T.T0176", "..\..\R5T.T0176\source\R5T.T0176\R5T.T0176.csproj", "{AE570EDD-B404-45AF-884A-A84234BC0517}"
EndProject
Project("{9A19103F-16F7-4668-BE54-9A1E7A4F7556}") = "R5T.T0177", "..\..\R5T.T0177\source\R5T.T0177\R5T.T0177.csproj", "{FC98C71C-1D30-4045-8D6D-3620B68B339B}"
EndProject
Project("{9A19103F-16F7-4668-BE54-9A1E7A4F7556}") = "R5T.T0178", "..\..\R5T.T0178\source\R5T.T0178\R5T.T0178.csproj", "{DF40758F-168A-42A3-87F8-E64D75220203}"
EndProject
Project("{9A19103F-16F7-4668-BE54-9A1E7A4F7556}") = "R5T.T0179", "..\..\R5T.T0179\source\R5T.T0179\R5T.T0179.csproj", "{DE9E08B0-2CE0-477C-860C-E9E298A668BF}"
EndProject
Project("{9A19103F-16F7-4668-BE54-9A1E7A4F7556}") = "R5T.T0180", "..\..\R5T.T0180\source\R5T.T0180\R5T.T0180.csproj", "{CA8F141B-2833-400B-8E7E-001BCE71C6A9}"
EndProject
Project("{9A19103F-16F7-4668-BE54-9A1E7A4F7556}") = "R5T.T0181", "..\..\R5T.T0181\source\R5T.T0181\R5T.T0181.csproj", "{F9D9B56C-19A8-446D-8B34-6229E13C1FD9}"
EndProject
Project("{9A19103F-16F7-4668-BE54-9A1E7A4F7556}") = "R5T.T0184", "..\..\R5T.T0184\source\R5T.T0184\R5T.T0184.csproj", "{B7618F11-2545-4344-B0AA-2AEBB64F9EBC}"
EndProject
Project("{9A19103F-16F7-4668-BE54-9A1E7A4F7556}") = "R5T.T0185", "..\..\R5T.T0185\source\R5T.T0185\R5T.T0185.csproj", "{2CFA5491-6496-498F-89AB-73EAE41B6AA7}"
EndProject
Project("{9A19103F-16F7-4668-BE54-9A1E7A4F7556}") = "R5T.T0186", "..\..\R5T.T0186\source\R5T.T0186\R5T.T0186.csproj", "{FD0DE120-358C-41F9-B4B7-E1998A1E185A}"
EndProject
Project("{9A19103F-16F7-4668-BE54-9A1E7A4F7556}") = "R5T.T0187", "..\..\R5T.T0187\source\R5T.T0187\R5T.T0187.csproj", "{1CFA109B-B9C1-4C79-9ABD-24A14E33E785}"
EndProject
Project("{9A19103F-16F7-4668-BE54-9A1E7A4F7556}") = "R5T.T0197", "..\..\R5T.T0197\source\R5T.T0197\R5T.T0197.csproj", "{86D2C784-F057-4DC9-A9DA-F283D244B772}"
EndProject
Project("{9A19103F-16F7-4668-BE54-9A1E7A4F7556}") = "R5T.T0203", "..\..\R5T.T0203\source\R5T.T0203\R5T.T0203.csproj", "{B20100A9-EF5C-48BA-B6B7-5E27575AE1E9}"
EndProject
Project("{9A19103F-16F7-4668-BE54-9A1E7A4F7556}") = "R5T.Y0000", "..\..\R5T.Y0000\source\R5T.Y0000\R5T.Y0000.csproj", "{6D6D9680-6435-4332-8EB8-158F9165BB98}"
EndProject
Project("{9A19103F-16F7-4668-BE54-9A1E7A4F7556}") = "R5T.Z0000", "..\..\R5T.Z0000\source\R5T.Z0000\R5T.Z0000.csproj", "{772660AB-DCEF-4AD7-BE42-12EB944EA697}"
EndProject
Project("{9A19103F-16F7-4668-BE54-9A1E7A4F7556}") = "R5T.Z0047", "..\..\R5T.Z0047\source\R5T.Z0047\R5T.Z0047.csproj", "{74897A26-CE3E-47A6-AD11-1FAEB70621C5}"
EndProject
Project("{9A19103F-16F7-4668-BE54-9A1E7A4F7556}") = "R5T.O0015", "..\..\R5T.O0015\source\R5T.O0015\R5T.O0015.csproj", "{FF29D4FA-AD61-48FD-B2CA-F7A706DF288F}"
EndProject
Project("{9A19103F-16F7-4668-BE54-9A1E7A4F7556}") = "R5T.T0204", "..\..\R5T.T0204\source\R5T.T0204\R5T.T0204.csproj", "{9C0D17B2-0B87-4EA7-9632-69B056CCE265}"
EndProject
Project("{9A19103F-16F7-4668-BE54-9A1E7A4F7556}") = "R5T.T0207", "..\..\R5T.T0207\source\R5T.T0207\R5T.T0207.csproj", "{51287E52-E4D9-4630-9205-E438071C855E}"
EndProject
Project("{9A19103F-16F7-4668-BE54-9A1E7A4F7556}") = "R5T.L0032.T000", "..\..\R5T.L0032\source\R5T.L0032.T000\R5T.L0032.T000.csproj", "{4ADAB791-8CF9-4B49-88D5-51FC12295038}"
EndProject
Project("{9A19103F-16F7-4668-BE54-9A1E7A4F7556}") = "R5T.T0150", "..\..\R5T.T0150\source\R5T.T0150\R5T.T0150.csproj", "{34E4FF35-5DBC-45BA-BFC2-EBF0CFF0A9B0}"
EndProject
Project("{9A19103F-16F7-4668-BE54-9A1E7A4F7556}") = "R5T.T0151", "..\..\R5T.T0151\source\R5T.T0151\R5T.T0151.csproj", "{5761EB8E-3FC9-449D-9EDE-D90673BD2745}"
EndProject
Project("{9A19103F-16F7-4668-BE54-9A1E7A4F7556}") = "R5T.T0161", "..\..\R5T.T0161\source\R5T.T0161\R5T.T0161.csproj", "{7A3C8D37-1569-4C28-A9C2-0B3C246B134C}"
EndProject
Project("{9A19103F-16F7-4668-BE54-9A1E7A4F7556}") = "R5T.T0172", "..\..\R5T.T0172\source\R5T.T0172\R5T.T0172.csproj", "{9CCD603A-AD1A-4795-9E75-DCA1F0F3F5C1}"
EndProject
Project("{9A19103F-16F7-4668-BE54-9A1E7A4F7556}") = "R5T.T0196", "..\..\R5T.T0196\source\R5T.T0196\R5T.T0196.csproj", "{15C3DC36-A9BA-4BF6-9775-7E55AC74D7F4}"
EndProject
Project("{9A19103F-16F7-4668-BE54-9A1E7A4F7556}") = "R5T.T0198", "..\..\R5T.T0198\source\R5T.T0198\R5T.T0198.csproj", "{B0BB1940-E61E-4B05-8FC5-06D307992C0B}"
EndProject
Project("{9A19103F-16F7-4668-BE54-9A1E7A4F7556}") = "R5T.Z0046", "..\..\R5T.Z0046\source\R5T.Z0046\R5T.Z0046.csproj", "{CF5D0139-D043-4386-BC76-1079D47DD520}"
EndProject
Global
	GlobalSection(NestedProjects) = preSolution
		{AB3FE002-AFF1-49F2-AC86-762830BF10AE} = {91F88318-288C-44F1-86C4-2A35BB4CEA63}
		{C402B411-3814-4548-A75A-921A6C9C47F9} = {91F88318-288C-44F1-86C4-2A35BB4CEA63}
		{B9775A7C-C311-442A-8F10-F60D2B4F361A} = {91F88318-288C-44F1-86C4-2A35BB4CEA63}
		{99D3F51B-6A59-478A-9582-C2AFEF440FDC} = {91F88318-288C-44F1-86C4-2A35BB4CEA63}
		{440C0675-39B6-41E9-85C5-DCAA92BBE27E} = {91F88318-288C-44F1-86C4-2A35BB4CEA63}
		{73F50472-A78F-448F-BDAE-0E0B825E2407} = {91F88318-288C-44F1-86C4-2A35BB4CEA63}
		{36810833-5870-4B12-8E7B-69EC086A8619} = {91F88318-288C-44F1-86C4-2A35BB4CEA63}
		{08329B4B-0688-4391-9979-BB6A562A1415} = {91F88318-288C-44F1-86C4-2A35BB4CEA63}
		{D1441A34-7B11-419F-A36E-97382BCBBFA1} = {91F88318-288C-44F1-86C4-2A35BB4CEA63}
		{DE7234BF-A813-4B22-B1F3-1F9619F51AFB} = {91F88318-288C-44F1-86C4-2A35BB4CEA63}
		{FD5877D3-AF11-4F3F-A674-5242E3D39FA1} = {91F88318-288C-44F1-86C4-2A35BB4CEA63}
		{3C6CAEAB-3FAB-4A7B-BCAB-7AB706D872AB} = {91F88318-288C-44F1-86C4-2A35BB4CEA63}
		{C5A25117-8244-4562-88AD-C56209A57674} = {91F88318-288C-44F1-86C4-2A35BB4CEA63}
		{9B4CAB71-2AD8-49B8-A291-BDDB63E10704} = {91F88318-288C-44F1-86C4-2A35BB4CEA63}
		{FC2E99D9-D6E4-4594-BDA7-21EA97D3CDA5} = {91F88318-288C-44F1-86C4-2A35BB4CEA63}
		{13A64658-8EBE-407B-9524-F9EB60841E54} = {91F88318-288C-44F1-86C4-2A35BB4CEA63}
		{F6F560E6-B2C7-40FB-ACD9-6E8C8568C98F} = {91F88318-288C-44F1-86C4-2A35BB4CEA63}
		{B5A123A0-883B-4237-A233-551C358C24C9} = {91F88318-288C-44F1-86C4-2A35BB4CEA63}
		{0AF77954-1E3D-4531-A6BE-2BBF72280964} = {91F88318-288C-44F1-86C4-2A35BB4CEA63}
		{6A2536C4-7D87-4436-8089-A5AEC7D33561} = {91F88318-288C-44F1-86C4-2A35BB4CEA63}
		{A5E1D825-902A-4358-A4A0-49B2D3447587} = {91F88318-288C-44F1-86C4-2A35BB4CEA63}
		{EA4E25DB-D28C-42B3-B924-DB69B185472F} = {91F88318-288C-44F1-86C4-2A35BB4CEA63}
		{E34DB623-B6E4-47B1-9F89-0397573BC39D} = {91F88318-288C-44F1-86C4-2A35BB4CEA63}
		{68010003-52F6-4E7E-8567-109260BEC2D8} = {91F88318-288C-44F1-86C4-2A35BB4CEA63}
		{4A434BA4-A249-4C03-91E6-313EFA277DF9} = {91F88318-288C-44F1-86C4-2A35BB4CEA63}
		{2CA599A0-8EBE-4FC1-94E5-B60154714142} = {91F88318-288C-44F1-86C4-2A35BB4CEA63}
		{D35CFCAA-C488-492E-A9CE-1BB4F809B1B9} = {91F88318-288C-44F1-86C4-2A35BB4CEA63}
		{21080145-474C-4B95-BF59-1BC157AB4542} = {91F88318-288C-44F1-86C4-2A35BB4CEA63}
		{C2D416AC-F7C6-4C6A-81EB-4C474FB8FD55} = {91F88318-288C-44F1-86C4-2A35BB4CEA63}
		{0696BCCF-2148-4A61-AF34-CAE1B98C51FC} = {91F88318-288C-44F1-86C4-2A35BB4CEA63}
		{34123E7E-4023-4E07-9395-77A017F29332} = {91F88318-288C-44F1-86C4-2A35BB4CEA63}
		{CDD81331-484D-4581-BF72-93273A1F8ED5} = {91F88318-288C-44F1-86C4-2A35BB4CEA63}
		{6FF83E41-5B76-4C73-8520-24115F3A4E04} = {91F88318-288C-44F1-86C4-2A35BB4CEA63}
		{4292E8AF-17C4-4091-8207-630A85EC0E01} = {91F88318-288C-44F1-86C4-2A35BB4CEA63}
		{E9A96B09-222C-49C8-A200-827ED549399D} = {91F88318-288C-44F1-86C4-2A35BB4CEA63}
		{CFB26FFA-88A5-437D-8818-035BDD3A4571} = {91F88318-288C-44F1-86C4-2A35BB4CEA63}
		{0967A9A5-D006-49C8-AB92-6C4D925C54BD} = {91F88318-288C-44F1-86C4-2A35BB4CEA63}
		{AE570EDD-B404-45AF-884A-A84234BC0517} = {91F88318-288C-44F1-86C4-2A35BB4CEA63}
		{FC98C71C-1D30-4045-8D6D-3620B68B339B} = {91F88318-288C-44F1-86C4-2A35BB4CEA63}
		{DF40758F-168A-42A3-87F8-E64D75220203} = {91F88318-288C-44F1-86C4-2A35BB4CEA63}
		{DE9E08B0-2CE0-477C-860C-E9E298A668BF} = {91F88318-288C-44F1-86C4-2A35BB4CEA63}
		{CA8F141B-2833-400B-8E7E-001BCE71C6A9} = {91F88318-288C-44F1-86C4-2A35BB4CEA63}
		{F9D9B56C-19A8-446D-8B34-6229E13C1FD9} = {91F88318-288C-44F1-86C4-2A35BB4CEA63}
		{B7618F11-2545-4344-B0AA-2AEBB64F9EBC} = {91F88318-288C-44F1-86C4-2A35BB4CEA63}
		{2CFA5491-6496-498F-89AB-73EAE41B6AA7} = {91F88318-288C-44F1-86C4-2A35BB4CEA63}
		{FD0DE120-358C-41F9-B4B7-E1998A1E185A} = {91F88318-288C-44F1-86C4-2A35BB4CEA63}
		{1CFA109B-B9C1-4C79-9ABD-24A14E33E785} = {91F88318-288C-44F1-86C4-2A35BB4CEA63}
		{86D2C784-F057-4DC9-A9DA-F283D244B772} = {91F88318-288C-44F1-86C4-2A35BB4CEA63}
		{B20100A9-EF5C-48BA-B6B7-5E27575AE1E9} = {91F88318-288C-44F1-86C4-2A35BB4CEA63}
		{6D6D9680-6435-4332-8EB8-158F9165BB98} = {91F88318-288C-44F1-86C4-2A35BB4CEA63}
		{772660AB-DCEF-4AD7-BE42-12EB944EA697} = {91F88318-288C-44F1-86C4-2A35BB4CEA63}
		{74897A26-CE3E-47A6-AD11-1FAEB70621C5} = {91F88318-288C-44F1-86C4-2A35BB4CEA63}
		{FF29D4FA-AD61-48FD-B2CA-F7A706DF288F} = {91F88318-288C-44F1-86C4-2A35BB4CEA63}
		{9C0D17B2-0B87-4EA7-9632-69B056CCE265} = {91F88318-288C-44F1-86C4-2A35BB4CEA63}
		{51287E52-E4D9-4630-9205-E438071C855E} = {91F88318-288C-44F1-86C4-2A35BB4CEA63}
		{4ADAB791-8CF9-4B49-88D5-51FC12295038} = {91F88318-288C-44F1-86C4-2A35BB4CEA63}
		{34E4FF35-5DBC-45BA-BFC2-EBF0CFF0A9B0} = {91F88318-288C-44F1-86C4-2A35BB4CEA63}
		{5761EB8E-3FC9-449D-9EDE-D90673BD2745} = {91F88318-288C-44F1-86C4-2A35BB4CEA63}
		{7A3C8D37-1569-4C28-A9C2-0B3C246B134C} = {91F88318-288C-44F1-86C4-2A35BB4CEA63}
		{9CCD603A-AD1A-4795-9E75-DCA1F0F3F5C1} = {91F88318-288C-44F1-86C4-2A35BB4CEA63}
		{15C3DC36-A9BA-4BF6-9775-7E55AC74D7F4} = {91F88318-288C-44F1-86C4-2A35BB4CEA63}
		{B0BB1940-E61E-4B05-8FC5-06D307992C0B} = {91F88318-288C-44F1-86C4-2A35BB4CEA63}
		{CF5D0139-D043-4386-BC76-1079D47DD520} = {91F88318-288C-44F1-86C4-2A35BB4CEA63}
	EndGlobalSection
	GlobalSection(SolutionConfigurationPlatforms) = preSolution
		Debug|Any CPU = Debug|Any CPU
		Release|Any CPU = Release|Any CPU
	EndGlobalSection
	GlobalSection(ProjectConfigurationPlatforms) = postSolution
		{886D1689-0F0A-4078-8F10-470794DC761D}.Debug|Any CPU.ActiveCfg = Debug|Any CPU
		{886D1689-0F0A-4078-8F10-470794DC761D}.Debug|Any CPU.Build.0 = Debug|Any CPU
		{886D1689-0F0A-4078-8F10-470794DC761D}.Release|Any CPU.ActiveCfg = Release|Any CPU
		{886D1689-0F0A-4078-8F10-470794DC761D}.Release|Any CPU.Build.0 = Release|Any CPU
		{AB3FE002-AFF1-49F2-AC86-762830BF10AE}.Debug|Any CPU.ActiveCfg = Debug|Any CPU
		{AB3FE002-AFF1-49F2-AC86-762830BF10AE}.Debug|Any CPU.Build.0 = Debug|Any CPU
		{AB3FE002-AFF1-49F2-AC86-762830BF10AE}.Release|Any CPU.ActiveCfg = Release|Any CPU
		{AB3FE002-AFF1-49F2-AC86-762830BF10AE}.Release|Any CPU.Build.0 = Release|Any CPU
		{C402B411-3814-4548-A75A-921A6C9C47F9}.Debug|Any CPU.ActiveCfg = Debug|Any CPU
		{C402B411-3814-4548-A75A-921A6C9C47F9}.Debug|Any CPU.Build.0 = Debug|Any CPU
		{C402B411-3814-4548-A75A-921A6C9C47F9}.Release|Any CPU.ActiveCfg = Release|Any CPU
		{C402B411-3814-4548-A75A-921A6C9C47F9}.Release|Any CPU.Build.0 = Release|Any CPU
		{B9775A7C-C311-442A-8F10-F60D2B4F361A}.Debug|Any CPU.ActiveCfg = Debug|Any CPU
		{B9775A7C-C311-442A-8F10-F60D2B4F361A}.Debug|Any CPU.Build.0 = Debug|Any CPU
		{B9775A7C-C311-442A-8F10-F60D2B4F361A}.Release|Any CPU.ActiveCfg = Release|Any CPU
		{B9775A7C-C311-442A-8F10-F60D2B4F361A}.Release|Any CPU.Build.0 = Release|Any CPU
		{99D3F51B-6A59-478A-9582-C2AFEF440FDC}.Debug|Any CPU.ActiveCfg = Debug|Any CPU
		{99D3F51B-6A59-478A-9582-C2AFEF440FDC}.Debug|Any CPU.Build.0 = Debug|Any CPU
		{99D3F51B-6A59-478A-9582-C2AFEF440FDC}.Release|Any CPU.ActiveCfg = Release|Any CPU
		{99D3F51B-6A59-478A-9582-C2AFEF440FDC}.Release|Any CPU.Build.0 = Release|Any CPU
		{440C0675-39B6-41E9-85C5-DCAA92BBE27E}.Debug|Any CPU.ActiveCfg = Debug|Any CPU
		{440C0675-39B6-41E9-85C5-DCAA92BBE27E}.Debug|Any CPU.Build.0 = Debug|Any CPU
		{440C0675-39B6-41E9-85C5-DCAA92BBE27E}.Release|Any CPU.ActiveCfg = Release|Any CPU
		{440C0675-39B6-41E9-85C5-DCAA92BBE27E}.Release|Any CPU.Build.0 = Release|Any CPU
		{73F50472-A78F-448F-BDAE-0E0B825E2407}.Debug|Any CPU.ActiveCfg = Debug|Any CPU
		{73F50472-A78F-448F-BDAE-0E0B825E2407}.Debug|Any CPU.Build.0 = Debug|Any CPU
		{73F50472-A78F-448F-BDAE-0E0B825E2407}.Release|Any CPU.ActiveCfg = Release|Any CPU
		{73F50472-A78F-448F-BDAE-0E0B825E2407}.Release|Any CPU.Build.0 = Release|Any CPU
		{36810833-5870-4B12-8E7B-69EC086A8619}.Debug|Any CPU.ActiveCfg = Debug|Any CPU
		{36810833-5870-4B12-8E7B-69EC086A8619}.Debug|Any CPU.Build.0 = Debug|Any CPU
		{36810833-5870-4B12-8E7B-69EC086A8619}.Release|Any CPU.ActiveCfg = Release|Any CPU
		{36810833-5870-4B12-8E7B-69EC086A8619}.Release|Any CPU.Build.0 = Release|Any CPU
		{08329B4B-0688-4391-9979-BB6A562A1415}.Debug|Any CPU.ActiveCfg = Debug|Any CPU
		{08329B4B-0688-4391-9979-BB6A562A1415}.Debug|Any CPU.Build.0 = Debug|Any CPU
		{08329B4B-0688-4391-9979-BB6A562A1415}.Release|Any CPU.ActiveCfg = Release|Any CPU
		{08329B4B-0688-4391-9979-BB6A562A1415}.Release|Any CPU.Build.0 = Release|Any CPU
		{D1441A34-7B11-419F-A36E-97382BCBBFA1}.Debug|Any CPU.ActiveCfg = Debug|Any CPU
		{D1441A34-7B11-419F-A36E-97382BCBBFA1}.Debug|Any CPU.Build.0 = Debug|Any CPU
		{D1441A34-7B11-419F-A36E-97382BCBBFA1}.Release|Any CPU.ActiveCfg = Release|Any CPU
		{D1441A34-7B11-419F-A36E-97382BCBBFA1}.Release|Any CPU.Build.0 = Release|Any CPU
		{DE7234BF-A813-4B22-B1F3-1F9619F51AFB}.Debug|Any CPU.ActiveCfg = Debug|Any CPU
		{DE7234BF-A813-4B22-B1F3-1F9619F51AFB}.Debug|Any CPU.Build.0 = Debug|Any CPU
		{DE7234BF-A813-4B22-B1F3-1F9619F51AFB}.Release|Any CPU.ActiveCfg = Release|Any CPU
		{DE7234BF-A813-4B22-B1F3-1F9619F51AFB}.Release|Any CPU.Build.0 = Release|Any CPU
		{FD5877D3-AF11-4F3F-A674-5242E3D39FA1}.Debug|Any CPU.ActiveCfg = Debug|Any CPU
		{FD5877D3-AF11-4F3F-A674-5242E3D39FA1}.Debug|Any CPU.Build.0 = Debug|Any CPU
		{FD5877D3-AF11-4F3F-A674-5242E3D39FA1}.Release|Any CPU.ActiveCfg = Release|Any CPU
		{FD5877D3-AF11-4F3F-A674-5242E3D39FA1}.Release|Any CPU.Build.0 = Release|Any CPU
		{3C6CAEAB-3FAB-4A7B-BCAB-7AB706D872AB}.Debug|Any CPU.ActiveCfg = Debug|Any CPU
		{3C6CAEAB-3FAB-4A7B-BCAB-7AB706D872AB}.Debug|Any CPU.Build.0 = Debug|Any CPU
		{3C6CAEAB-3FAB-4A7B-BCAB-7AB706D872AB}.Release|Any CPU.ActiveCfg = Release|Any CPU
		{3C6CAEAB-3FAB-4A7B-BCAB-7AB706D872AB}.Release|Any CPU.Build.0 = Release|Any CPU
		{C5A25117-8244-4562-88AD-C56209A57674}.Debug|Any CPU.ActiveCfg = Debug|Any CPU
		{C5A25117-8244-4562-88AD-C56209A57674}.Debug|Any CPU.Build.0 = Debug|Any CPU
		{C5A25117-8244-4562-88AD-C56209A57674}.Release|Any CPU.ActiveCfg = Release|Any CPU
		{C5A25117-8244-4562-88AD-C56209A57674}.Release|Any CPU.Build.0 = Release|Any CPU
		{9B4CAB71-2AD8-49B8-A291-BDDB63E10704}.Debug|Any CPU.ActiveCfg = Debug|Any CPU
		{9B4CAB71-2AD8-49B8-A291-BDDB63E10704}.Debug|Any CPU.Build.0 = Debug|Any CPU
		{9B4CAB71-2AD8-49B8-A291-BDDB63E10704}.Release|Any CPU.ActiveCfg = Release|Any CPU
		{9B4CAB71-2AD8-49B8-A291-BDDB63E10704}.Release|Any CPU.Build.0 = Release|Any CPU
		{FC2E99D9-D6E4-4594-BDA7-21EA97D3CDA5}.Debug|Any CPU.ActiveCfg = Debug|Any CPU
		{FC2E99D9-D6E4-4594-BDA7-21EA97D3CDA5}.Debug|Any CPU.Build.0 = Debug|Any CPU
		{FC2E99D9-D6E4-4594-BDA7-21EA97D3CDA5}.Release|Any CPU.ActiveCfg = Release|Any CPU
		{FC2E99D9-D6E4-4594-BDA7-21EA97D3CDA5}.Release|Any CPU.Build.0 = Release|Any CPU
		{13A64658-8EBE-407B-9524-F9EB60841E54}.Debug|Any CPU.ActiveCfg = Debug|Any CPU
		{13A64658-8EBE-407B-9524-F9EB60841E54}.Debug|Any CPU.Build.0 = Debug|Any CPU
		{13A64658-8EBE-407B-9524-F9EB60841E54}.Release|Any CPU.ActiveCfg = Release|Any CPU
		{13A64658-8EBE-407B-9524-F9EB60841E54}.Release|Any CPU.Build.0 = Release|Any CPU
		{F6F560E6-B2C7-40FB-ACD9-6E8C8568C98F}.Debug|Any CPU.ActiveCfg = Debug|Any CPU
		{F6F560E6-B2C7-40FB-ACD9-6E8C8568C98F}.Debug|Any CPU.Build.0 = Debug|Any CPU
		{F6F560E6-B2C7-40FB-ACD9-6E8C8568C98F}.Release|Any CPU.ActiveCfg = Release|Any CPU
		{F6F560E6-B2C7-40FB-ACD9-6E8C8568C98F}.Release|Any CPU.Build.0 = Release|Any CPU
		{B5A123A0-883B-4237-A233-551C358C24C9}.Debug|Any CPU.ActiveCfg = Debug|Any CPU
		{B5A123A0-883B-4237-A233-551C358C24C9}.Debug|Any CPU.Build.0 = Debug|Any CPU
		{B5A123A0-883B-4237-A233-551C358C24C9}.Release|Any CPU.ActiveCfg = Release|Any CPU
		{B5A123A0-883B-4237-A233-551C358C24C9}.Release|Any CPU.Build.0 = Release|Any CPU
		{0AF77954-1E3D-4531-A6BE-2BBF72280964}.Debug|Any CPU.ActiveCfg = Debug|Any CPU
		{0AF77954-1E3D-4531-A6BE-2BBF72280964}.Debug|Any CPU.Build.0 = Debug|Any CPU
		{0AF77954-1E3D-4531-A6BE-2BBF72280964}.Release|Any CPU.ActiveCfg = Release|Any CPU
		{0AF77954-1E3D-4531-A6BE-2BBF72280964}.Release|Any CPU.Build.0 = Release|Any CPU
		{6A2536C4-7D87-4436-8089-A5AEC7D33561}.Debug|Any CPU.ActiveCfg = Debug|Any CPU
		{6A2536C4-7D87-4436-8089-A5AEC7D33561}.Debug|Any CPU.Build.0 = Debug|Any CPU
		{6A2536C4-7D87-4436-8089-A5AEC7D33561}.Release|Any CPU.ActiveCfg = Release|Any CPU
		{6A2536C4-7D87-4436-8089-A5AEC7D33561}.Release|Any CPU.Build.0 = Release|Any CPU
		{A5E1D825-902A-4358-A4A0-49B2D3447587}.Debug|Any CPU.ActiveCfg = Debug|Any CPU
		{A5E1D825-902A-4358-A4A0-49B2D3447587}.Debug|Any CPU.Build.0 = Debug|Any CPU
		{A5E1D825-902A-4358-A4A0-49B2D3447587}.Release|Any CPU.ActiveCfg = Release|Any CPU
		{A5E1D825-902A-4358-A4A0-49B2D3447587}.Release|Any CPU.Build.0 = Release|Any CPU
		{EA4E25DB-D28C-42B3-B924-DB69B185472F}.Debug|Any CPU.ActiveCfg = Debug|Any CPU
		{EA4E25DB-D28C-42B3-B924-DB69B185472F}.Debug|Any CPU.Build.0 = Debug|Any CPU
		{EA4E25DB-D28C-42B3-B924-DB69B185472F}.Release|Any CPU.ActiveCfg = Release|Any CPU
		{EA4E25DB-D28C-42B3-B924-DB69B185472F}.Release|Any CPU.Build.0 = Release|Any CPU
		{E34DB623-B6E4-47B1-9F89-0397573BC39D}.Debug|Any CPU.ActiveCfg = Debug|Any CPU
		{E34DB623-B6E4-47B1-9F89-0397573BC39D}.Debug|Any CPU.Build.0 = Debug|Any CPU
		{E34DB623-B6E4-47B1-9F89-0397573BC39D}.Release|Any CPU.ActiveCfg = Release|Any CPU
		{E34DB623-B6E4-47B1-9F89-0397573BC39D}.Release|Any CPU.Build.0 = Release|Any CPU
		{68010003-52F6-4E7E-8567-109260BEC2D8}.Debug|Any CPU.ActiveCfg = Debug|Any CPU
		{68010003-52F6-4E7E-8567-109260BEC2D8}.Debug|Any CPU.Build.0 = Debug|Any CPU
		{68010003-52F6-4E7E-8567-109260BEC2D8}.Release|Any CPU.ActiveCfg = Release|Any CPU
		{68010003-52F6-4E7E-8567-109260BEC2D8}.Release|Any CPU.Build.0 = Release|Any CPU
		{4A434BA4-A249-4C03-91E6-313EFA277DF9}.Debug|Any CPU.ActiveCfg = Debug|Any CPU
		{4A434BA4-A249-4C03-91E6-313EFA277DF9}.Debug|Any CPU.Build.0 = Debug|Any CPU
		{4A434BA4-A249-4C03-91E6-313EFA277DF9}.Release|Any CPU.ActiveCfg = Release|Any CPU
		{4A434BA4-A249-4C03-91E6-313EFA277DF9}.Release|Any CPU.Build.0 = Release|Any CPU
		{2CA599A0-8EBE-4FC1-94E5-B60154714142}.Debug|Any CPU.ActiveCfg = Debug|Any CPU
		{2CA599A0-8EBE-4FC1-94E5-B60154714142}.Debug|Any CPU.Build.0 = Debug|Any CPU
		{2CA599A0-8EBE-4FC1-94E5-B60154714142}.Release|Any CPU.ActiveCfg = Release|Any CPU
		{2CA599A0-8EBE-4FC1-94E5-B60154714142}.Release|Any CPU.Build.0 = Release|Any CPU
		{D35CFCAA-C488-492E-A9CE-1BB4F809B1B9}.Debug|Any CPU.ActiveCfg = Debug|Any CPU
		{D35CFCAA-C488-492E-A9CE-1BB4F809B1B9}.Debug|Any CPU.Build.0 = Debug|Any CPU
		{D35CFCAA-C488-492E-A9CE-1BB4F809B1B9}.Release|Any CPU.ActiveCfg = Release|Any CPU
		{D35CFCAA-C488-492E-A9CE-1BB4F809B1B9}.Release|Any CPU.Build.0 = Release|Any CPU
		{21080145-474C-4B95-BF59-1BC157AB4542}.Debug|Any CPU.ActiveCfg = Debug|Any CPU
		{21080145-474C-4B95-BF59-1BC157AB4542}.Debug|Any CPU.Build.0 = Debug|Any CPU
		{21080145-474C-4B95-BF59-1BC157AB4542}.Release|Any CPU.ActiveCfg = Release|Any CPU
		{21080145-474C-4B95-BF59-1BC157AB4542}.Release|Any CPU.Build.0 = Release|Any CPU
		{C2D416AC-F7C6-4C6A-81EB-4C474FB8FD55}.Debug|Any CPU.ActiveCfg = Debug|Any CPU
		{C2D416AC-F7C6-4C6A-81EB-4C474FB8FD55}.Debug|Any CPU.Build.0 = Debug|Any CPU
		{C2D416AC-F7C6-4C6A-81EB-4C474FB8FD55}.Release|Any CPU.ActiveCfg = Release|Any CPU
		{C2D416AC-F7C6-4C6A-81EB-4C474FB8FD55}.Release|Any CPU.Build.0 = Release|Any CPU
		{0696BCCF-2148-4A61-AF34-CAE1B98C51FC}.Debug|Any CPU.ActiveCfg = Debug|Any CPU
		{0696BCCF-2148-4A61-AF34-CAE1B98C51FC}.Debug|Any CPU.Build.0 = Debug|Any CPU
		{0696BCCF-2148-4A61-AF34-CAE1B98C51FC}.Release|Any CPU.ActiveCfg = Release|Any CPU
		{0696BCCF-2148-4A61-AF34-CAE1B98C51FC}.Release|Any CPU.Build.0 = Release|Any CPU
		{34123E7E-4023-4E07-9395-77A017F29332}.Debug|Any CPU.ActiveCfg = Debug|Any CPU
		{34123E7E-4023-4E07-9395-77A017F29332}.Debug|Any CPU.Build.0 = Debug|Any CPU
		{34123E7E-4023-4E07-9395-77A017F29332}.Release|Any CPU.ActiveCfg = Release|Any CPU
		{34123E7E-4023-4E07-9395-77A017F29332}.Release|Any CPU.Build.0 = Release|Any CPU
		{CDD81331-484D-4581-BF72-93273A1F8ED5}.Debug|Any CPU.ActiveCfg = Debug|Any CPU
		{CDD81331-484D-4581-BF72-93273A1F8ED5}.Debug|Any CPU.Build.0 = Debug|Any CPU
		{CDD81331-484D-4581-BF72-93273A1F8ED5}.Release|Any CPU.ActiveCfg = Release|Any CPU
		{CDD81331-484D-4581-BF72-93273A1F8ED5}.Release|Any CPU.Build.0 = Release|Any CPU
		{6FF83E41-5B76-4C73-8520-24115F3A4E04}.Debug|Any CPU.ActiveCfg = Debug|Any CPU
		{6FF83E41-5B76-4C73-8520-24115F3A4E04}.Debug|Any CPU.Build.0 = Debug|Any CPU
		{6FF83E41-5B76-4C73-8520-24115F3A4E04}.Release|Any CPU.ActiveCfg = Release|Any CPU
		{6FF83E41-5B76-4C73-8520-24115F3A4E04}.Release|Any CPU.Build.0 = Release|Any CPU
		{4292E8AF-17C4-4091-8207-630A85EC0E01}.Debug|Any CPU.ActiveCfg = Debug|Any CPU
		{4292E8AF-17C4-4091-8207-630A85EC0E01}.Debug|Any CPU.Build.0 = Debug|Any CPU
		{4292E8AF-17C4-4091-8207-630A85EC0E01}.Release|Any CPU.ActiveCfg = Release|Any CPU
		{4292E8AF-17C4-4091-8207-630A85EC0E01}.Release|Any CPU.Build.0 = Release|Any CPU
		{E9A96B09-222C-49C8-A200-827ED549399D}.Debug|Any CPU.ActiveCfg = Debug|Any CPU
		{E9A96B09-222C-49C8-A200-827ED549399D}.Debug|Any CPU.Build.0 = Debug|Any CPU
		{E9A96B09-222C-49C8-A200-827ED549399D}.Release|Any CPU.ActiveCfg = Release|Any CPU
		{E9A96B09-222C-49C8-A200-827ED549399D}.Release|Any CPU.Build.0 = Release|Any CPU
		{CFB26FFA-88A5-437D-8818-035BDD3A4571}.Debug|Any CPU.ActiveCfg = Debug|Any CPU
		{CFB26FFA-88A5-437D-8818-035BDD3A4571}.Debug|Any CPU.Build.0 = Debug|Any CPU
		{CFB26FFA-88A5-437D-8818-035BDD3A4571}.Release|Any CPU.ActiveCfg = Release|Any CPU
		{CFB26FFA-88A5-437D-8818-035BDD3A4571}.Release|Any CPU.Build.0 = Release|Any CPU
		{0967A9A5-D006-49C8-AB92-6C4D925C54BD}.Debug|Any CPU.ActiveCfg = Debug|Any CPU
		{0967A9A5-D006-49C8-AB92-6C4D925C54BD}.Debug|Any CPU.Build.0 = Debug|Any CPU
		{0967A9A5-D006-49C8-AB92-6C4D925C54BD}.Release|Any CPU.ActiveCfg = Release|Any CPU
		{0967A9A5-D006-49C8-AB92-6C4D925C54BD}.Release|Any CPU.Build.0 = Release|Any CPU
		{AE570EDD-B404-45AF-884A-A84234BC0517}.Debug|Any CPU.ActiveCfg = Debug|Any CPU
		{AE570EDD-B404-45AF-884A-A84234BC0517}.Debug|Any CPU.Build.0 = Debug|Any CPU
		{AE570EDD-B404-45AF-884A-A84234BC0517}.Release|Any CPU.ActiveCfg = Release|Any CPU
		{AE570EDD-B404-45AF-884A-A84234BC0517}.Release|Any CPU.Build.0 = Release|Any CPU
		{FC98C71C-1D30-4045-8D6D-3620B68B339B}.Debug|Any CPU.ActiveCfg = Debug|Any CPU
		{FC98C71C-1D30-4045-8D6D-3620B68B339B}.Debug|Any CPU.Build.0 = Debug|Any CPU
		{FC98C71C-1D30-4045-8D6D-3620B68B339B}.Release|Any CPU.ActiveCfg = Release|Any CPU
		{FC98C71C-1D30-4045-8D6D-3620B68B339B}.Release|Any CPU.Build.0 = Release|Any CPU
		{DF40758F-168A-42A3-87F8-E64D75220203}.Debug|Any CPU.ActiveCfg = Debug|Any CPU
		{DF40758F-168A-42A3-87F8-E64D75220203}.Debug|Any CPU.Build.0 = Debug|Any CPU
		{DF40758F-168A-42A3-87F8-E64D75220203}.Release|Any CPU.ActiveCfg = Release|Any CPU
		{DF40758F-168A-42A3-87F8-E64D75220203}.Release|Any CPU.Build.0 = Release|Any CPU
		{DE9E08B0-2CE0-477C-860C-E9E298A668BF}.Debug|Any CPU.ActiveCfg = Debug|Any CPU
		{DE9E08B0-2CE0-477C-860C-E9E298A668BF}.Debug|Any CPU.Build.0 = Debug|Any CPU
		{DE9E08B0-2CE0-477C-860C-E9E298A668BF}.Release|Any CPU.ActiveCfg = Release|Any CPU
		{DE9E08B0-2CE0-477C-860C-E9E298A668BF}.Release|Any CPU.Build.0 = Release|Any CPU
		{CA8F141B-2833-400B-8E7E-001BCE71C6A9}.Debug|Any CPU.ActiveCfg = Debug|Any CPU
		{CA8F141B-2833-400B-8E7E-001BCE71C6A9}.Debug|Any CPU.Build.0 = Debug|Any CPU
		{CA8F141B-2833-400B-8E7E-001BCE71C6A9}.Release|Any CPU.ActiveCfg = Release|Any CPU
		{CA8F141B-2833-400B-8E7E-001BCE71C6A9}.Release|Any CPU.Build.0 = Release|Any CPU
		{F9D9B56C-19A8-446D-8B34-6229E13C1FD9}.Debug|Any CPU.ActiveCfg = Debug|Any CPU
		{F9D9B56C-19A8-446D-8B34-6229E13C1FD9}.Debug|Any CPU.Build.0 = Debug|Any CPU
		{F9D9B56C-19A8-446D-8B34-6229E13C1FD9}.Release|Any CPU.ActiveCfg = Release|Any CPU
		{F9D9B56C-19A8-446D-8B34-6229E13C1FD9}.Release|Any CPU.Build.0 = Release|Any CPU
		{B7618F11-2545-4344-B0AA-2AEBB64F9EBC}.Debug|Any CPU.ActiveCfg = Debug|Any CPU
		{B7618F11-2545-4344-B0AA-2AEBB64F9EBC}.Debug|Any CPU.Build.0 = Debug|Any CPU
		{B7618F11-2545-4344-B0AA-2AEBB64F9EBC}.Release|Any CPU.ActiveCfg = Release|Any CPU
		{B7618F11-2545-4344-B0AA-2AEBB64F9EBC}.Release|Any CPU.Build.0 = Release|Any CPU
		{2CFA5491-6496-498F-89AB-73EAE41B6AA7}.Debug|Any CPU.ActiveCfg = Debug|Any CPU
		{2CFA5491-6496-498F-89AB-73EAE41B6AA7}.Debug|Any CPU.Build.0 = Debug|Any CPU
		{2CFA5491-6496-498F-89AB-73EAE41B6AA7}.Release|Any CPU.ActiveCfg = Release|Any CPU
		{2CFA5491-6496-498F-89AB-73EAE41B6AA7}.Release|Any CPU.Build.0 = Release|Any CPU
		{FD0DE120-358C-41F9-B4B7-E1998A1E185A}.Debug|Any CPU.ActiveCfg = Debug|Any CPU
		{FD0DE120-358C-41F9-B4B7-E1998A1E185A}.Debug|Any CPU.Build.0 = Debug|Any CPU
		{FD0DE120-358C-41F9-B4B7-E1998A1E185A}.Release|Any CPU.ActiveCfg = Release|Any CPU
		{FD0DE120-358C-41F9-B4B7-E1998A1E185A}.Release|Any CPU.Build.0 = Release|Any CPU
		{1CFA109B-B9C1-4C79-9ABD-24A14E33E785}.Debug|Any CPU.ActiveCfg = Debug|Any CPU
		{1CFA109B-B9C1-4C79-9ABD-24A14E33E785}.Debug|Any CPU.Build.0 = Debug|Any CPU
		{1CFA109B-B9C1-4C79-9ABD-24A14E33E785}.Release|Any CPU.ActiveCfg = Release|Any CPU
		{1CFA109B-B9C1-4C79-9ABD-24A14E33E785}.Release|Any CPU.Build.0 = Release|Any CPU
		{86D2C784-F057-4DC9-A9DA-F283D244B772}.Debug|Any CPU.ActiveCfg = Debug|Any CPU
		{86D2C784-F057-4DC9-A9DA-F283D244B772}.Debug|Any CPU.Build.0 = Debug|Any CPU
		{86D2C784-F057-4DC9-A9DA-F283D244B772}.Release|Any CPU.ActiveCfg = Release|Any CPU
		{86D2C784-F057-4DC9-A9DA-F283D244B772}.Release|Any CPU.Build.0 = Release|Any CPU
		{B20100A9-EF5C-48BA-B6B7-5E27575AE1E9}.Debug|Any CPU.ActiveCfg = Debug|Any CPU
		{B20100A9-EF5C-48BA-B6B7-5E27575AE1E9}.Debug|Any CPU.Build.0 = Debug|Any CPU
		{B20100A9-EF5C-48BA-B6B7-5E27575AE1E9}.Release|Any CPU.ActiveCfg = Release|Any CPU
		{B20100A9-EF5C-48BA-B6B7-5E27575AE1E9}.Release|Any CPU.Build.0 = Release|Any CPU
		{6D6D9680-6435-4332-8EB8-158F9165BB98}.Debug|Any CPU.ActiveCfg = Debug|Any CPU
		{6D6D9680-6435-4332-8EB8-158F9165BB98}.Debug|Any CPU.Build.0 = Debug|Any CPU
		{6D6D9680-6435-4332-8EB8-158F9165BB98}.Release|Any CPU.ActiveCfg = Release|Any CPU
		{6D6D9680-6435-4332-8EB8-158F9165BB98}.Release|Any CPU.Build.0 = Release|Any CPU
		{772660AB-DCEF-4AD7-BE42-12EB944EA697}.Debug|Any CPU.ActiveCfg = Debug|Any CPU
		{772660AB-DCEF-4AD7-BE42-12EB944EA697}.Debug|Any CPU.Build.0 = Debug|Any CPU
		{772660AB-DCEF-4AD7-BE42-12EB944EA697}.Release|Any CPU.ActiveCfg = Release|Any CPU
		{772660AB-DCEF-4AD7-BE42-12EB944EA697}.Release|Any CPU.Build.0 = Release|Any CPU
		{74897A26-CE3E-47A6-AD11-1FAEB70621C5}.Debug|Any CPU.ActiveCfg = Debug|Any CPU
		{74897A26-CE3E-47A6-AD11-1FAEB70621C5}.Debug|Any CPU.Build.0 = Debug|Any CPU
		{74897A26-CE3E-47A6-AD11-1FAEB70621C5}.Release|Any CPU.ActiveCfg = Release|Any CPU
		{74897A26-CE3E-47A6-AD11-1FAEB70621C5}.Release|Any CPU.Build.0 = Release|Any CPU
		{FF29D4FA-AD61-48FD-B2CA-F7A706DF288F}.Debug|Any CPU.ActiveCfg = Debug|Any CPU
		{FF29D4FA-AD61-48FD-B2CA-F7A706DF288F}.Debug|Any CPU.Build.0 = Debug|Any CPU
		{FF29D4FA-AD61-48FD-B2CA-F7A706DF288F}.Release|Any CPU.ActiveCfg = Release|Any CPU
		{FF29D4FA-AD61-48FD-B2CA-F7A706DF288F}.Release|Any CPU.Build.0 = Release|Any CPU
		{9C0D17B2-0B87-4EA7-9632-69B056CCE265}.Debug|Any CPU.ActiveCfg = Debug|Any CPU
		{9C0D17B2-0B87-4EA7-9632-69B056CCE265}.Debug|Any CPU.Build.0 = Debug|Any CPU
		{9C0D17B2-0B87-4EA7-9632-69B056CCE265}.Release|Any CPU.ActiveCfg = Release|Any CPU
		{9C0D17B2-0B87-4EA7-9632-69B056CCE265}.Release|Any CPU.Build.0 = Release|Any CPU
		{51287E52-E4D9-4630-9205-E438071C855E}.Debug|Any CPU.ActiveCfg = Debug|Any CPU
		{51287E52-E4D9-4630-9205-E438071C855E}.Debug|Any CPU.Build.0 = Debug|Any CPU
		{51287E52-E4D9-4630-9205-E438071C855E}.Release|Any CPU.ActiveCfg = Release|Any CPU
		{51287E52-E4D9-4630-9205-E438071C855E}.Release|Any CPU.Build.0 = Release|Any CPU
		{4ADAB791-8CF9-4B49-88D5-51FC12295038}.Debug|Any CPU.ActiveCfg = Debug|Any CPU
		{4ADAB791-8CF9-4B49-88D5-51FC12295038}.Debug|Any CPU.Build.0 = Debug|Any CPU
		{4ADAB791-8CF9-4B49-88D5-51FC12295038}.Release|Any CPU.ActiveCfg = Release|Any CPU
		{4ADAB791-8CF9-4B49-88D5-51FC12295038}.Release|Any CPU.Build.0 = Release|Any CPU
		{34E4FF35-5DBC-45BA-BFC2-EBF0CFF0A9B0}.Debug|Any CPU.ActiveCfg = Debug|Any CPU
		{34E4FF35-5DBC-45BA-BFC2-EBF0CFF0A9B0}.Debug|Any CPU.Build.0 = Debug|Any CPU
		{34E4FF35-5DBC-45BA-BFC2-EBF0CFF0A9B0}.Release|Any CPU.ActiveCfg = Release|Any CPU
		{34E4FF35-5DBC-45BA-BFC2-EBF0CFF0A9B0}.Release|Any CPU.Build.0 = Release|Any CPU
		{5761EB8E-3FC9-449D-9EDE-D90673BD2745}.Debug|Any CPU.ActiveCfg = Debug|Any CPU
		{5761EB8E-3FC9-449D-9EDE-D90673BD2745}.Debug|Any CPU.Build.0 = Debug|Any CPU
		{5761EB8E-3FC9-449D-9EDE-D90673BD2745}.Release|Any CPU.ActiveCfg = Release|Any CPU
		{5761EB8E-3FC9-449D-9EDE-D90673BD2745}.Release|Any CPU.Build.0 = Release|Any CPU
		{7A3C8D37-1569-4C28-A9C2-0B3C246B134C}.Debug|Any CPU.ActiveCfg = Debug|Any CPU
		{7A3C8D37-1569-4C28-A9C2-0B3C246B134C}.Debug|Any CPU.Build.0 = Debug|Any CPU
		{7A3C8D37-1569-4C28-A9C2-0B3C246B134C}.Release|Any CPU.ActiveCfg = Release|Any CPU
		{7A3C8D37-1569-4C28-A9C2-0B3C246B134C}.Release|Any CPU.Build.0 = Release|Any CPU
		{9CCD603A-AD1A-4795-9E75-DCA1F0F3F5C1}.Debug|Any CPU.ActiveCfg = Debug|Any CPU
		{9CCD603A-AD1A-4795-9E75-DCA1F0F3F5C1}.Debug|Any CPU.Build.0 = Debug|Any CPU
		{9CCD603A-AD1A-4795-9E75-DCA1F0F3F5C1}.Release|Any CPU.ActiveCfg = Release|Any CPU
		{9CCD603A-AD1A-4795-9E75-DCA1F0F3F5C1}.Release|Any CPU.Build.0 = Release|Any CPU
		{15C3DC36-A9BA-4BF6-9775-7E55AC74D7F4}.Debug|Any CPU.ActiveCfg = Debug|Any CPU
		{15C3DC36-A9BA-4BF6-9775-7E55AC74D7F4}.Debug|Any CPU.Build.0 = Debug|Any CPU
		{15C3DC36-A9BA-4BF6-9775-7E55AC74D7F4}.Release|Any CPU.ActiveCfg = Release|Any CPU
		{15C3DC36-A9BA-4BF6-9775-7E55AC74D7F4}.Release|Any CPU.Build.0 = Release|Any CPU
		{B0BB1940-E61E-4B05-8FC5-06D307992C0B}.Debug|Any CPU.ActiveCfg = Debug|Any CPU
		{B0BB1940-E61E-4B05-8FC5-06D307992C0B}.Debug|Any CPU.Build.0 = Debug|Any CPU
		{B0BB1940-E61E-4B05-8FC5-06D307992C0B}.Release|Any CPU.ActiveCfg = Release|Any CPU
		{B0BB1940-E61E-4B05-8FC5-06D307992C0B}.Release|Any CPU.Build.0 = Release|Any CPU
		{CF5D0139-D043-4386-BC76-1079D47DD520}.Debug|Any CPU.ActiveCfg = Debug|Any CPU
		{CF5D0139-D043-4386-BC76-1079D47DD520}.Debug|Any CPU.Build.0 = Debug|Any CPU
		{CF5D0139-D043-4386-BC76-1079D47DD520}.Release|Any CPU.ActiveCfg = Release|Any CPU
		{CF5D0139-D043-4386-BC76-1079D47DD520}.Release|Any CPU.Build.0 = Release|Any CPU
	EndGlobalSection
	GlobalSection(SolutionProperties) = preSolution
		HideSolutionNode = FALSE
	EndGlobalSection
	GlobalSection(ExtensibilityGlobals) = postSolution
		SolutionGuid = {93448E85-0F18-4F33-AEEA-ED8AC72F8E3E}
	EndGlobalSection
EndGlobal
